// !$*UTF8*$!
{
	archiveVersion = 1;
	classes = {
	};
	objectVersion = 46;
	objects = {

/* Begin PBXBuildFile section */
		FD9F08DF16F0DDBE00FDE7F8 /* MCLearn.m in Sources */ = {isa = PBXBuildFile; fileRef = FD9F08DE16F0DDBE00FDE7F8 /* MCLearn.m */; };
		FDA1FF1116A98F6200F4842C /* UIKit.framework in Frameworks */ = {isa = PBXBuildFile; fileRef = FDA1FF1016A98F6200F4842C /* UIKit.framework */; };
		FDA1FF1316A98F6200F4842C /* Foundation.framework in Frameworks */ = {isa = PBXBuildFile; fileRef = FDA1FF1216A98F6200F4842C /* Foundation.framework */; };
		FDA1FF1516A98F6200F4842C /* CoreGraphics.framework in Frameworks */ = {isa = PBXBuildFile; fileRef = FDA1FF1416A98F6200F4842C /* CoreGraphics.framework */; };
		FDA1FF1B16A98F6200F4842C /* InfoPlist.strings in Resources */ = {isa = PBXBuildFile; fileRef = FDA1FF1916A98F6200F4842C /* InfoPlist.strings */; };
		FDA1FF1D16A98F6200F4842C /* main.m in Sources */ = {isa = PBXBuildFile; fileRef = FDA1FF1C16A98F6200F4842C /* main.m */; };
		FDA1FF2116A98F6200F4842C /* UserManagerSystemAppDelegate.m in Sources */ = {isa = PBXBuildFile; fileRef = FDA1FF2016A98F6200F4842C /* UserManagerSystemAppDelegate.m */; };
		FDA1FF2416A98F6200F4842C /* UserManagerSystemViewController.m in Sources */ = {isa = PBXBuildFile; fileRef = FDA1FF2316A98F6200F4842C /* UserManagerSystemViewController.m */; };
		FDA1FF2716A98F6200F4842C /* UserManagerSystemViewController.xib in Resources */ = {isa = PBXBuildFile; fileRef = FDA1FF2516A98F6200F4842C /* UserManagerSystemViewController.xib */; };
		FDA1FF3916A98FE600F4842C /* MCScore.m in Sources */ = {isa = PBXBuildFile; fileRef = FDA1FF3616A98FE600F4842C /* MCScore.m */; };
		FDA1FF3A16A98FE600F4842C /* MCUser.m in Sources */ = {isa = PBXBuildFile; fileRef = FDA1FF3816A98FE600F4842C /* MCUser.m */; };
		FDA1FF4316A9900A00F4842C /* MCDBController.m in Sources */ = {isa = PBXBuildFile; fileRef = FDA1FF3C16A9900A00F4842C /* MCDBController.m */; };
		FDA1FF4416A9900A00F4842C /* MCUserCalculator.m in Sources */ = {isa = PBXBuildFile; fileRef = FDA1FF3E16A9900A00F4842C /* MCUserCalculator.m */; };
		FDA1FF4516A9900A00F4842C /* MCUserManagerController.m in Sources */ = {isa = PBXBuildFile; fileRef = FDA1FF4016A9900A00F4842C /* MCUserManagerController.m */; };
		FDA1FF4616A9900A00F4842C /* MCUserManagerModel.m in Sources */ = {isa = PBXBuildFile; fileRef = FDA1FF4216A9900A00F4842C /* MCUserManagerModel.m */; };
		FDA1FF5016A9903400F4842C /* PopChangeUserViewController.m in Sources */ = {isa = PBXBuildFile; fileRef = FDA1FF4816A9903400F4842C /* PopChangeUserViewController.m */; };
		FDA1FF5116A9903400F4842C /* PopChangeUserViewController.xib in Resources */ = {isa = PBXBuildFile; fileRef = FDA1FF4916A9903400F4842C /* PopChangeUserViewController.xib */; };
		FDA1FF5216A9903400F4842C /* PopCreateUserViewController.m in Sources */ = {isa = PBXBuildFile; fileRef = FDA1FF4B16A9903400F4842C /* PopCreateUserViewController.m */; };
		FDA1FF5316A9903400F4842C /* PopCreateUserViewController.xib in Resources */ = {isa = PBXBuildFile; fileRef = FDA1FF4C16A9903400F4842C /* PopCreateUserViewController.xib */; };
		FDA1FF5416A9903400F4842C /* ScoreCell.m in Sources */ = {isa = PBXBuildFile; fileRef = FDA1FF4E16A9903400F4842C /* ScoreCell.m */; };
		FDA1FF5516A9903400F4842C /* ScoreCell.xib in Resources */ = {isa = PBXBuildFile; fileRef = FDA1FF4F16A9903400F4842C /* ScoreCell.xib */; };
		FDA1FF5716A9938500F4842C /* libsqlite3.dylib in Frameworks */ = {isa = PBXBuildFile; fileRef = FDA1FF5616A9938500F4842C /* libsqlite3.dylib */; };
/* End PBXBuildFile section */

/* Begin PBXFileReference section */
		FD9F08DD16F0DDBE00FDE7F8 /* MCLearn.h */ = {isa = PBXFileReference; fileEncoding = 4; lastKnownFileType = sourcecode.c.h; path = MCLearn.h; sourceTree = "<group>"; };
		FD9F08DE16F0DDBE00FDE7F8 /* MCLearn.m */ = {isa = PBXFileReference; fileEncoding = 4; lastKnownFileType = sourcecode.c.objc; path = MCLearn.m; sourceTree = "<group>"; };
		FDA1FF0C16A98F6200F4842C /* UserManagerSystemXib.app */ = {isa = PBXFileReference; explicitFileType = wrapper.application; includeInIndex = 0; path = UserManagerSystemXib.app; sourceTree = BUILT_PRODUCTS_DIR; };
		FDA1FF1016A98F6200F4842C /* UIKit.framework */ = {isa = PBXFileReference; lastKnownFileType = wrapper.framework; name = UIKit.framework; path = System/Library/Frameworks/UIKit.framework; sourceTree = SDKROOT; };
		FDA1FF1216A98F6200F4842C /* Foundation.framework */ = {isa = PBXFileReference; lastKnownFileType = wrapper.framework; name = Foundation.framework; path = System/Library/Frameworks/Foundation.framework; sourceTree = SDKROOT; };
		FDA1FF1416A98F6200F4842C /* CoreGraphics.framework */ = {isa = PBXFileReference; lastKnownFileType = wrapper.framework; name = CoreGraphics.framework; path = System/Library/Frameworks/CoreGraphics.framework; sourceTree = SDKROOT; };
		FDA1FF1816A98F6200F4842C /* UserManagerSystemXib-Info.plist */ = {isa = PBXFileReference; lastKnownFileType = text.plist.xml; path = "UserManagerSystemXib-Info.plist"; sourceTree = "<group>"; };
		FDA1FF1A16A98F6200F4842C /* en */ = {isa = PBXFileReference; lastKnownFileType = text.plist.strings; name = en; path = en.lproj/InfoPlist.strings; sourceTree = "<group>"; };
		FDA1FF1C16A98F6200F4842C /* main.m */ = {isa = PBXFileReference; lastKnownFileType = sourcecode.c.objc; path = main.m; sourceTree = "<group>"; };
		FDA1FF1E16A98F6200F4842C /* UserManagerSystemXib-Prefix.pch */ = {isa = PBXFileReference; lastKnownFileType = sourcecode.c.h; path = "UserManagerSystemXib-Prefix.pch"; sourceTree = "<group>"; };
		FDA1FF1F16A98F6200F4842C /* UserManagerSystemAppDelegate.h */ = {isa = PBXFileReference; lastKnownFileType = sourcecode.c.h; path = UserManagerSystemAppDelegate.h; sourceTree = "<group>"; };
		FDA1FF2016A98F6200F4842C /* UserManagerSystemAppDelegate.m */ = {isa = PBXFileReference; lastKnownFileType = sourcecode.c.objc; path = UserManagerSystemAppDelegate.m; sourceTree = "<group>"; };
		FDA1FF2216A98F6200F4842C /* UserManagerSystemViewController.h */ = {isa = PBXFileReference; lastKnownFileType = sourcecode.c.h; path = UserManagerSystemViewController.h; sourceTree = "<group>"; };
		FDA1FF2316A98F6200F4842C /* UserManagerSystemViewController.m */ = {isa = PBXFileReference; lastKnownFileType = sourcecode.c.objc; path = UserManagerSystemViewController.m; sourceTree = "<group>"; };
		FDA1FF2616A98F6200F4842C /* en */ = {isa = PBXFileReference; lastKnownFileType = file.xib; name = en; path = en.lproj/UserManagerSystemViewController.xib; sourceTree = "<group>"; };
		FDA1FF3516A98FE600F4842C /* MCScore.h */ = {isa = PBXFileReference; fileEncoding = 4; lastKnownFileType = sourcecode.c.h; path = MCScore.h; sourceTree = "<group>"; };
		FDA1FF3616A98FE600F4842C /* MCScore.m */ = {isa = PBXFileReference; fileEncoding = 4; lastKnownFileType = sourcecode.c.objc; path = MCScore.m; sourceTree = "<group>"; };
		FDA1FF3716A98FE600F4842C /* MCUser.h */ = {isa = PBXFileReference; fileEncoding = 4; lastKnownFileType = sourcecode.c.h; path = MCUser.h; sourceTree = "<group>"; };
		FDA1FF3816A98FE600F4842C /* MCUser.m */ = {isa = PBXFileReference; fileEncoding = 4; lastKnownFileType = sourcecode.c.objc; path = MCUser.m; sourceTree = "<group>"; };
		FDA1FF3B16A9900A00F4842C /* MCDBController.h */ = {isa = PBXFileReference; fileEncoding = 4; lastKnownFileType = sourcecode.c.h; path = MCDBController.h; sourceTree = "<group>"; };
		FDA1FF3C16A9900A00F4842C /* MCDBController.m */ = {isa = PBXFileReference; fileEncoding = 4; lastKnownFileType = sourcecode.c.objc; path = MCDBController.m; sourceTree = "<group>"; };
		FDA1FF3D16A9900A00F4842C /* MCUserCalculator.h */ = {isa = PBXFileReference; fileEncoding = 4; lastKnownFileType = sourcecode.c.h; path = MCUserCalculator.h; sourceTree = "<group>"; };
		FDA1FF3E16A9900A00F4842C /* MCUserCalculator.m */ = {isa = PBXFileReference; fileEncoding = 4; lastKnownFileType = sourcecode.c.objc; path = MCUserCalculator.m; sourceTree = "<group>"; };
		FDA1FF3F16A9900A00F4842C /* MCUserManagerController.h */ = {isa = PBXFileReference; fileEncoding = 4; lastKnownFileType = sourcecode.c.h; path = MCUserManagerController.h; sourceTree = "<group>"; };
		FDA1FF4016A9900A00F4842C /* MCUserManagerController.m */ = {isa = PBXFileReference; fileEncoding = 4; lastKnownFileType = sourcecode.c.objc; path = MCUserManagerController.m; sourceTree = "<group>"; };
		FDA1FF4116A9900A00F4842C /* MCUserManagerModel.h */ = {isa = PBXFileReference; fileEncoding = 4; lastKnownFileType = sourcecode.c.h; path = MCUserManagerModel.h; sourceTree = "<group>"; };
		FDA1FF4216A9900A00F4842C /* MCUserManagerModel.m */ = {isa = PBXFileReference; fileEncoding = 4; lastKnownFileType = sourcecode.c.objc; path = MCUserManagerModel.m; sourceTree = "<group>"; };
		FDA1FF4716A9903400F4842C /* PopChangeUserViewController.h */ = {isa = PBXFileReference; fileEncoding = 4; lastKnownFileType = sourcecode.c.h; path = PopChangeUserViewController.h; sourceTree = "<group>"; };
		FDA1FF4816A9903400F4842C /* PopChangeUserViewController.m */ = {isa = PBXFileReference; fileEncoding = 4; lastKnownFileType = sourcecode.c.objc; path = PopChangeUserViewController.m; sourceTree = "<group>"; };
		FDA1FF4916A9903400F4842C /* PopChangeUserViewController.xib */ = {isa = PBXFileReference; fileEncoding = 4; lastKnownFileType = file.xib; path = PopChangeUserViewController.xib; sourceTree = "<group>"; };
		FDA1FF4A16A9903400F4842C /* PopCreateUserViewController.h */ = {isa = PBXFileReference; fileEncoding = 4; lastKnownFileType = sourcecode.c.h; path = PopCreateUserViewController.h; sourceTree = "<group>"; };
		FDA1FF4B16A9903400F4842C /* PopCreateUserViewController.m */ = {isa = PBXFileReference; fileEncoding = 4; lastKnownFileType = sourcecode.c.objc; path = PopCreateUserViewController.m; sourceTree = "<group>"; };
		FDA1FF4C16A9903400F4842C /* PopCreateUserViewController.xib */ = {isa = PBXFileReference; fileEncoding = 4; lastKnownFileType = file.xib; path = PopCreateUserViewController.xib; sourceTree = "<group>"; };
		FDA1FF4D16A9903400F4842C /* ScoreCell.h */ = {isa = PBXFileReference; fileEncoding = 4; lastKnownFileType = sourcecode.c.h; path = ScoreCell.h; sourceTree = "<group>"; };
		FDA1FF4E16A9903400F4842C /* ScoreCell.m */ = {isa = PBXFileReference; fileEncoding = 4; lastKnownFileType = sourcecode.c.objc; path = ScoreCell.m; sourceTree = "<group>"; };
		FDA1FF4F16A9903400F4842C /* ScoreCell.xib */ = {isa = PBXFileReference; fileEncoding = 4; lastKnownFileType = file.xib; path = ScoreCell.xib; sourceTree = "<group>"; };
		FDA1FF5616A9938500F4842C /* libsqlite3.dylib */ = {isa = PBXFileReference; lastKnownFileType = "compiled.mach-o.dylib"; name = libsqlite3.dylib; path = usr/lib/libsqlite3.dylib; sourceTree = SDKROOT; };
/* End PBXFileReference section */

/* Begin PBXFrameworksBuildPhase section */
		FDA1FF0916A98F6200F4842C /* Frameworks */ = {
			isa = PBXFrameworksBuildPhase;
			buildActionMask = 2147483647;
			files = (
				FDA1FF5716A9938500F4842C /* libsqlite3.dylib in Frameworks */,
				FDA1FF1116A98F6200F4842C /* UIKit.framework in Frameworks */,
				FDA1FF1316A98F6200F4842C /* Foundation.framework in Frameworks */,
				FDA1FF1516A98F6200F4842C /* CoreGraphics.framework in Frameworks */,
			);
			runOnlyForDeploymentPostprocessing = 0;
		};
/* End PBXFrameworksBuildPhase section */

/* Begin PBXGroup section */
		FDA1FF0116A98F6100F4842C = {
			isa = PBXGroup;
			children = (
				FDA1FF5616A9938500F4842C /* libsqlite3.dylib */,
				FDA1FF1616A98F6200F4842C /* UserManagerSystemXib */,
				FDA1FF0F16A98F6200F4842C /* Frameworks */,
				FDA1FF0D16A98F6200F4842C /* Products */,
			);
			sourceTree = "<group>";
		};
		FDA1FF0D16A98F6200F4842C /* Products */ = {
			isa = PBXGroup;
			children = (
				FDA1FF0C16A98F6200F4842C /* UserManagerSystemXib.app */,
			);
			name = Products;
			sourceTree = "<group>";
		};
		FDA1FF0F16A98F6200F4842C /* Frameworks */ = {
			isa = PBXGroup;
			children = (
				FDA1FF1016A98F6200F4842C /* UIKit.framework */,
				FDA1FF1216A98F6200F4842C /* Foundation.framework */,
				FDA1FF1416A98F6200F4842C /* CoreGraphics.framework */,
			);
			name = Frameworks;
			sourceTree = "<group>";
		};
		FDA1FF1616A98F6200F4842C /* UserManagerSystemXib */ = {
			isa = PBXGroup;
			children = (
				FDA1FF3416A98FC100F4842C /* Classes */,
				FDA1FF3316A98FB900F4842C /* DataStructureClass */,
				FDA1FF1F16A98F6200F4842C /* UserManagerSystemAppDelegate.h */,
				FDA1FF2016A98F6200F4842C /* UserManagerSystemAppDelegate.m */,
				FDA1FF2216A98F6200F4842C /* UserManagerSystemViewController.h */,
				FDA1FF2316A98F6200F4842C /* UserManagerSystemViewController.m */,
				FDA1FF2516A98F6200F4842C /* UserManagerSystemViewController.xib */,
				FDA1FF4716A9903400F4842C /* PopChangeUserViewController.h */,
				FDA1FF4816A9903400F4842C /* PopChangeUserViewController.m */,
				FDA1FF4916A9903400F4842C /* PopChangeUserViewController.xib */,
				FDA1FF4A16A9903400F4842C /* PopCreateUserViewController.h */,
				FDA1FF4B16A9903400F4842C /* PopCreateUserViewController.m */,
				FDA1FF4C16A9903400F4842C /* PopCreateUserViewController.xib */,
				FDA1FF4D16A9903400F4842C /* ScoreCell.h */,
				FDA1FF4E16A9903400F4842C /* ScoreCell.m */,
				FDA1FF4F16A9903400F4842C /* ScoreCell.xib */,
				FDA1FF1716A98F6200F4842C /* Supporting Files */,
			);
			path = UserManagerSystemXib;
			sourceTree = "<group>";
		};
		FDA1FF1716A98F6200F4842C /* Supporting Files */ = {
			isa = PBXGroup;
			children = (
				FDA1FF1816A98F6200F4842C /* UserManagerSystemXib-Info.plist */,
				FDA1FF1916A98F6200F4842C /* InfoPlist.strings */,
				FDA1FF1C16A98F6200F4842C /* main.m */,
				FDA1FF1E16A98F6200F4842C /* UserManagerSystemXib-Prefix.pch */,
			);
			name = "Supporting Files";
			sourceTree = "<group>";
		};
		FDA1FF3316A98FB900F4842C /* DataStructureClass */ = {
			isa = PBXGroup;
			children = (
				FDA1FF3516A98FE600F4842C /* MCScore.h */,
				FDA1FF3616A98FE600F4842C /* MCScore.m */,
				FDA1FF3716A98FE600F4842C /* MCUser.h */,
				FDA1FF3816A98FE600F4842C /* MCUser.m */,
				FD9F08DD16F0DDBE00FDE7F8 /* MCLearn.h */,
				FD9F08DE16F0DDBE00FDE7F8 /* MCLearn.m */,
			);
			name = DataStructureClass;
			sourceTree = "<group>";
		};
		FDA1FF3416A98FC100F4842C /* Classes */ = {
			isa = PBXGroup;
			children = (
				FDA1FF3B16A9900A00F4842C /* MCDBController.h */,
				FDA1FF3C16A9900A00F4842C /* MCDBController.m */,
				FDA1FF3D16A9900A00F4842C /* MCUserCalculator.h */,
				FDA1FF3E16A9900A00F4842C /* MCUserCalculator.m */,
				FDA1FF3F16A9900A00F4842C /* MCUserManagerController.h */,
				FDA1FF4016A9900A00F4842C /* MCUserManagerController.m */,
				FDA1FF4116A9900A00F4842C /* MCUserManagerModel.h */,
				FDA1FF4216A9900A00F4842C /* MCUserManagerModel.m */,
			);
			name = Classes;
			sourceTree = "<group>";
		};
/* End PBXGroup section */

/* Begin PBXNativeTarget section */
		FDA1FF0B16A98F6200F4842C /* UserManagerSystemXib */ = {
			isa = PBXNativeTarget;
			buildConfigurationList = FDA1FF2A16A98F6200F4842C /* Build configuration list for PBXNativeTarget "UserManagerSystemXib" */;
			buildPhases = (
				FDA1FF0816A98F6200F4842C /* Sources */,
				FDA1FF0916A98F6200F4842C /* Frameworks */,
				FDA1FF0A16A98F6200F4842C /* Resources */,
			);
			buildRules = (
			);
			dependencies = (
			);
			name = UserManagerSystemXib;
			productName = UserManagerSystemXib;
			productReference = FDA1FF0C16A98F6200F4842C /* UserManagerSystemXib.app */;
			productType = "com.apple.product-type.application";
		};
/* End PBXNativeTarget section */

/* Begin PBXProject section */
		FDA1FF0316A98F6100F4842C /* Project object */ = {
			isa = PBXProject;
			attributes = {
				CLASSPREFIX = UserManagerSystem;
				LastUpgradeCheck = 0430;
				ORGANIZATIONNAME = SCUT;
			};
			buildConfigurationList = FDA1FF0616A98F6100F4842C /* Build configuration list for PBXProject "UserManagerSystemXib" */;
			compatibilityVersion = "Xcode 3.2";
			developmentRegion = English;
			hasScannedForEncodings = 0;
			knownRegions = (
				en,
			);
			mainGroup = FDA1FF0116A98F6100F4842C;
			productRefGroup = FDA1FF0D16A98F6200F4842C /* Products */;
			projectDirPath = "";
			projectRoot = "";
			targets = (
				FDA1FF0B16A98F6200F4842C /* UserManagerSystemXib */,
			);
		};
/* End PBXProject section */

/* Begin PBXResourcesBuildPhase section */
		FDA1FF0A16A98F6200F4842C /* Resources */ = {
			isa = PBXResourcesBuildPhase;
			buildActionMask = 2147483647;
			files = (
				FDA1FF1B16A98F6200F4842C /* InfoPlist.strings in Resources */,
				FDA1FF2716A98F6200F4842C /* UserManagerSystemViewController.xib in Resources */,
				FDA1FF5116A9903400F4842C /* PopChangeUserViewController.xib in Resources */,
				FDA1FF5316A9903400F4842C /* PopCreateUserViewController.xib in Resources */,
				FDA1FF5516A9903400F4842C /* ScoreCell.xib in Resources */,
			);
			runOnlyForDeploymentPostprocessing = 0;
		};
/* End PBXResourcesBuildPhase section */

/* Begin PBXSourcesBuildPhase section */
		FDA1FF0816A98F6200F4842C /* Sources */ = {
			isa = PBXSourcesBuildPhase;
			buildActionMask = 2147483647;
			files = (
				FDA1FF1D16A98F6200F4842C /* main.m in Sources */,
				FDA1FF2116A98F6200F4842C /* UserManagerSystemAppDelegate.m in Sources */,
				FDA1FF2416A98F6200F4842C /* UserManagerSystemViewController.m in Sources */,
				FDA1FF3916A98FE600F4842C /* MCScore.m in Sources */,
				FDA1FF3A16A98FE600F4842C /* MCUser.m in Sources */,
				FDA1FF4316A9900A00F4842C /* MCDBController.m in Sources */,
				FDA1FF4416A9900A00F4842C /* MCUserCalculator.m in Sources */,
				FDA1FF4516A9900A00F4842C /* MCUserManagerController.m in Sources */,
				FDA1FF4616A9900A00F4842C /* MCUserManagerModel.m in Sources */,
				FDA1FF5016A9903400F4842C /* PopChangeUserViewController.m in Sources */,
				FDA1FF5216A9903400F4842C /* PopCreateUserViewController.m in Sources */,
				FDA1FF5416A9903400F4842C /* ScoreCell.m in Sources */,
				FD9F08DF16F0DDBE00FDE7F8 /* MCLearn.m in Sources */,
			);
			runOnlyForDeploymentPostprocessing = 0;
		};
/* End PBXSourcesBuildPhase section */

/* Begin PBXVariantGroup section */
		FDA1FF1916A98F6200F4842C /* InfoPlist.strings */ = {
			isa = PBXVariantGroup;
			children = (
				FDA1FF1A16A98F6200F4842C /* en */,
			);
			name = InfoPlist.strings;
			sourceTree = "<group>";
		};
		FDA1FF2516A98F6200F4842C /* UserManagerSystemViewController.xib */ = {
			isa = PBXVariantGroup;
			children = (
				FDA1FF2616A98F6200F4842C /* en */,
			);
			name = UserManagerSystemViewController.xib;
			sourceTree = "<group>";
		};
/* End PBXVariantGroup section */

/* Begin XCBuildConfiguration section */
		FDA1FF2816A98F6200F4842C /* Debug */ = {
			isa = XCBuildConfiguration;
			buildSettings = {
				ALWAYS_SEARCH_USER_PATHS = NO;
				ARCHS = "$(ARCHS_STANDARD_32_BIT)";
				"CODE_SIGN_IDENTITY[sdk=iphoneos*]" = "iPhone Developer";
				COPY_PHASE_STRIP = NO;
				GCC_C_LANGUAGE_STANDARD = gnu99;
				GCC_DYNAMIC_NO_PIC = NO;
				GCC_OPTIMIZATION_LEVEL = 0;
				GCC_PREPROCESSOR_DEFINITIONS = (
					"DEBUG=1",
					"$(inherited)",
				);
				GCC_SYMBOLS_PRIVATE_EXTERN = NO;
				GCC_VERSION = com.apple.compilers.llvm.clang.1_0;
				GCC_WARN_ABOUT_RETURN_TYPE = YES;
				GCC_WARN_UNINITIALIZED_AUTOS = YES;
				GCC_WARN_UNUSED_VARIABLE = YES;
				IPHONEOS_DEPLOYMENT_TARGET = 5.1;
				SDKROOT = iphoneos;
				TARGETED_DEVICE_FAMILY = 2;
			};
			name = Debug;
		};
		FDA1FF2916A98F6200F4842C /* Release */ = {
			isa = XCBuildConfiguration;
			buildSettings = {
				ALWAYS_SEARCH_USER_PATHS = NO;
				ARCHS = "$(ARCHS_STANDARD_32_BIT)";
				"CODE_SIGN_IDENTITY[sdk=iphoneos*]" = "iPhone Developer";
				COPY_PHASE_STRIP = YES;
				GCC_C_LANGUAGE_STANDARD = gnu99;
				GCC_VERSION = com.apple.compilers.llvm.clang.1_0;
				GCC_WARN_ABOUT_RETURN_TYPE = YES;
				GCC_WARN_UNINITIALIZED_AUTOS = YES;
				GCC_WARN_UNUSED_VARIABLE = YES;
				IPHONEOS_DEPLOYMENT_TARGET = 5.1;
				OTHER_CFLAGS = "-DNS_BLOCK_ASSERTIONS=1";
				SDKROOT = iphoneos;
				TARGETED_DEVICE_FAMILY = 2;
				VALIDATE_PRODUCT = YES;
			};
			name = Release;
		};
		FDA1FF2B16A98F6200F4842C /* Debug */ = {
			isa = XCBuildConfiguration;
			buildSettings = {
				GCC_PRECOMPILE_PREFIX_HEADER = YES;
				GCC_PREFIX_HEADER = "UserManagerSystemXib/UserManagerSystemXib-Prefix.pch";
				INFOPLIST_FILE = "UserManagerSystemXib/UserManagerSystemXib-Info.plist";
				IPHONEOS_DEPLOYMENT_TARGET = 4.3;
				PRODUCT_NAME = "$(TARGET_NAME)";
				WRAPPER_EXTENSION = app;
			};
			name = Debug;
		};
		FDA1FF2C16A98F6200F4842C /* Release */ = {
			isa = XCBuildConfiguration;
			buildSettings = {
				GCC_PRECOMPILE_PREFIX_HEADER = YES;
				GCC_PREFIX_HEADER = "UserManagerSystemXib/UserManagerSystemXib-Prefix.pch";
				INFOPLIST_FILE = "UserManagerSystemXib/UserManagerSystemXib-Info.plist";
				IPHONEOS_DEPLOYMENT_TARGET = 4.3;
				PRODUCT_NAME = "$(TARGET_NAME)";
				WRAPPER_EXTENSION = app;
			};
			name = Release;
		};
/* End XCBuildConfiguration section */

/* Begin XCConfigurationList section */
		FDA1FF0616A98F6100F4842C /* Build configuration list for PBXProject "UserManagerSystemXib" */ = {
			isa = XCConfigurationList;
			buildConfigurations = (
				FDA1FF2816A98F6200F4842C /* Debug */,
				FDA1FF2916A98F6200F4842C /* Release */,
			);
			defaultConfigurationIsVisible = 0;
			defaultConfigurationName = Release;
		};
		FDA1FF2A16A98F6200F4842C /* Build configuration list for PBXNativeTarget "UserManagerSystemXib" */ = {
			isa = XCConfigurationList;
			buildConfigurations = (
				FDA1FF2B16A98F6200F4842C /* Debug */,
				FDA1FF2C16A98F6200F4842C /* Release */,
			);
			defaultConfigurationIsVisible = 0;
			defaultConfigurationName = Release;
		};
/* End XCConfigurationList section */
	};
	rootObject = FDA1FF0316A98F6100F4842C /* Project object */;
}
